
Microsoft Visual Studio Solution File, Format Version 12.00
# Visual Studio Version 16
VisualStudioVersion = 16.0.31105.61
MinimumVisualStudioVersion = 10.0.40219.1
Project("{FAE04EC0-301F-11D3-BF4B-00C04F79EFBC}") = "Eduxcation", "Eduxcation.csproj", "{571CE869-9E6B-4EB7-A151-B672BE977F16}"
EndProject
Global
	GlobalSection(SolutionConfigurationPlatforms) = preSolution
		Debug|Any CPU = Debug|Any CPU
		Release|Any CPU = Release|Any CPU
	EndGlobalSection
	GlobalSection(ProjectConfigurationPlatforms) = postSolution
		{571CE869-9E6B-4EB7-A151-B672BE977F16}.Debug|Any CPU.ActiveCfg = Debug|Any CPU
		{571CE869-9E6B-4EB7-A151-B672BE977F16}.Debug|Any CPU.Build.0 = Debug|Any CPU
		{571CE869-9E6B-4EB7-A151-B672BE977F16}.Release|Any CPU.ActiveCfg = Release|Any CPU
		{571CE869-9E6B-4EB7-A151-B672BE977F16}.Release|Any CPU.Build.0 = Release|Any CPU
	EndGlobalSection
	GlobalSection(SolutionProperties) = preSolution
		HideSolutionNode = FALSE
	EndGlobalSection
	GlobalSection(ExtensibilityGlobals) = postSolution
		SolutionGuid = {82622E63-0FC1-45BD-9C86-D1C9DED98C9D}
	EndGlobalSection
EndGlobal
